
Microsoft Visual Studio Solution File, Format Version 12.00
# Visual Studio Version 17
VisualStudioVersion = 17.14.36119.2
MinimumVisualStudioVersion = 10.0.40219.1
Project("{FAE04EC0-301F-11D3-BF4B-00C04F79EFBC}") = "rnzFormatting", "rnzFormatting\rnzFormatting.csproj", "{D21D09B6-A13D-44B3-8C8E-BD57BA67004D}"
EndProject
Project("{FAE04EC0-301F-11D3-BF4B-00C04F79EFBC}") = "rnzFormattingVSTO", "rnzFormattingVSTO\rnzFormattingVSTO.csproj", "{6E536AF5-9FFD-41F1-A825-2A8A58502A12}"
EndProject
Global
	GlobalSection(SolutionConfigurationPlatforms) = preSolution
		Debug|Any CPU = Debug|Any CPU
		Release|Any CPU = Release|Any CPU
	EndGlobalSection
	GlobalSection(ProjectConfigurationPlatforms) = postSolution
		{D21D09B6-A13D-44B3-8C8E-BD57BA67004D}.Debug|Any CPU.ActiveCfg = Debug|Any CPU
		{D21D09B6-A13D-44B3-8C8E-BD57BA67004D}.Debug|Any CPU.Build.0 = Debug|Any CPU
		{D21D09B6-A13D-44B3-8C8E-BD57BA67004D}.Release|Any CPU.ActiveCfg = Release|Any CPU
		{D21D09B6-A13D-44B3-8C8E-BD57BA67004D}.Release|Any CPU.Build.0 = Release|Any CPU
		{6E536AF5-9FFD-41F1-A825-2A8A58502A12}.Debug|Any CPU.ActiveCfg = Debug|Any CPU
		{6E536AF5-9FFD-41F1-A825-2A8A58502A12}.Debug|Any CPU.Build.0 = Debug|Any CPU
		{6E536AF5-9FFD-41F1-A825-2A8A58502A12}.Release|Any CPU.ActiveCfg = Release|Any CPU
		{6E536AF5-9FFD-41F1-A825-2A8A58502A12}.Release|Any CPU.Build.0 = Release|Any CPU
	EndGlobalSection
	GlobalSection(SolutionProperties) = preSolution
		HideSolutionNode = FALSE
	EndGlobalSection
	GlobalSection(ExtensibilityGlobals) = postSolution
		SolutionGuid = {C8406A2C-53BB-4426-870A-D8121610F388}
	EndGlobalSection
EndGlobal
